{
  "requires": true,
  "lockfileVersion": 1,
  "dependencies": {
    "fullpage.js": {
      "version": "3.1.1",
      "resolved": "https://registry.npmjs.org/fullpage.js/-/fullpage.js-3.1.1.tgz",
      "integrity": "sha512-pd8rbaDTHxK/eYtfDu7os0CEXjLA5e/3FNe+Mo8RnpntmOayxtyL1D8Y7JzANOCvKLn8zO5aFrPZGo3NhOCwgQ=="
    },
    "vue-fullpage.js": {
      "version": "0.1.7",
      "resolved": "https://registry.npmjs.org/vue-fullpage.js/-/vue-fullpage.js-0.1.7.tgz",
      "integrity": "sha512-dApXyMrAPhikXbl5ngXALvetsIZCOf+ug9kvcvVSQkOoG9yh9stq5PQYMz/A1yIBVUx1yE9/3cK3VP6rl26V1A==",
      "requires": {
        "fullpage.js": "^3.1.0"
      }
    }
  }
}
