{
  "requires": true,
  "lockfileVersion": 1,
  "dependencies": {
    "babel-runtime": {
      "version": "6.26.0",
      "resolved": "https://registry.npmjs.org/babel-runtime/-/babel-runtime-6.26.0.tgz",
      "integrity": "sha1-llxwWGaOgrVde/4E/yM3vItWR/4=",
      "requires": {
        "core-js": "^2.4.0",
        "regenerator-runtime": "^0.11.0"
      },
      "dependencies": {
        "core-js": {
          "version": "2.6.12",
          "resolved": "https://registry.npmjs.org/core-js/-/core-js-2.6.12.tgz",
          "integrity": "sha512-Kb2wC0fvsWfQrgk8HU5lW6U/Lcs8+9aaYcy4ZFc6DDlo4nZ7n70dEgE5rtR0oG6ufKDUnrwfWL1mXR5ljDatrQ=="
        }
      }
    },
    "core-js": {
      "version": "3.13.0",
      "resolved": "https://registry.npmjs.org/core-js/-/core-js-3.13.0.tgz",
      "integrity": "sha512-iWDbiyha1M5vFwPFmQnvRv+tJzGbFAm6XimJUT0NgHYW3xZEs1SkCAcasWSVFxpI2Xb/V1DDJckq3v90+bQnog=="
    },
    "hammerjs": {
      "version": "2.0.8",
      "resolved": "https://registry.npmjs.org/hammerjs/-/hammerjs-2.0.8.tgz",
      "integrity": "sha1-BO93hiz/K7edMPdpIJWTAiK/YPE="
    },
    "regenerator-runtime": {
      "version": "0.11.1",
      "resolved": "https://registry.npmjs.org/regenerator-runtime/-/regenerator-runtime-0.11.1.tgz",
      "integrity": "sha512-MguG95oij0fC3QV3URf4V2SDYGJhJnJGqvIIgdECeODCT98wSWDAJ94SSuVpYQUoTcGUIL6L4yNB7j1DFFHSBg=="
    },
    "uuid": {
      "version": "3.4.0",
      "resolved": "https://registry.npmjs.org/uuid/-/uuid-3.4.0.tgz",
      "integrity": "sha512-HjSDRw6gZE5JMggctHBcjVak08+KEVhSIiDzFnT9S9aegmp85S/bReBVTb4QTFaRNptJ9kuYaNhnbNEOkbKb/A=="
    },
    "vue": {
      "version": "2.6.12",
      "resolved": "https://registry.npmjs.org/vue/-/vue-2.6.12.tgz",
      "integrity": "sha512-uhmLFETqPPNyuLLbsKz6ioJ4q7AZHzD8ZVFNATNyICSZouqP2Sz0rotWQC8UNBF6VGSCs5abnKJoStA6JbCbfg=="
    },
    "vue-360": {
      "version": "0.1.6",
      "resolved": "https://registry.npmjs.org/vue-360/-/vue-360-0.1.6.tgz",
      "integrity": "sha512-AZ+cDOttFjNOzr4jVJvgPYzIRo27exLZMAIx3OG9axI9pvzvD3pIxLNLsW4Yff+MFaBkOJT6mwj0QDI7nqbACw==",
      "requires": {
        "core-js": "^3.6.5",
        "uuid": "^3.4.0",
        "vue": "^2.6.10",
        "vue2-hammer": "^2.1.2"
      }
    },
    "vue2-hammer": {
      "version": "2.1.2",
      "resolved": "https://registry.npmjs.org/vue2-hammer/-/vue2-hammer-2.1.2.tgz",
      "integrity": "sha512-IgA7MhGsc1twUgMyxaOM2xc5YMF+aWJP0YC174dc51glbO99VltrV/uTBd/OUR5gk87MheJi97mhTcMm5kiQUQ==",
      "requires": {
        "babel-runtime": "^6.26.0",
        "hammerjs": "^2.0.8"
      }
    }
  }
}
